<?xml version="1.0" encoding="utf-8"?>
<Project ToolsVersion="4.0" xmlns="http://schemas.microsoft.com/developer/msbuild/2003">
  <ItemGroup>
    <Filter Include="Source Files">
      <UniqueIdentifier>{4FC737F1-C7A5-4376-A066-2A32D752A2FF}</UniqueIdentifier>
      <Extensions>cpp;c;cc;cxx;def;odl;idl;hpj;bat;asm;asmx</Extensions>
    </Filter>
    <Filter Include="Header Files">
      <UniqueIdentifier>{93995380-89BD-4b04-88EB-625FBE52EBFB}</UniqueIdentifier>
      <Extensions>h;hh;hpp;hxx;hm;inl;inc;xsd</Extensions>
    </Filter>
    <Filter Include="Resource Files">
      <UniqueIdentifier>{67DA6AB6-F800-4c08-8B7A-83BB121AAD01}</UniqueIdentifier>
      <Extensions>rc;ico;cur;bmp;dlg;rc2;rct;bin;rgs;gif;jpg;jpeg;jpe;resx;tiff;tif;png;wav;mfcribbon-ms</Extensions>
    </Filter>
  </ItemGroup>
  <ItemGroup>
    <ClInclude Include="src\vasframework\base\Base.hpp">
      <Filter>Header Files</Filter>
    </ClInclude>
    <ClInclude Include="src\vasframework\container\nbt\CommonTag.hpp">
      <Filter>Header Files</Filter>
    </ClInclude>
    <ClInclude Include="src\vasframework\container\nbt\ITag.hpp">
      <Filter>Header Files</Filter>
    </ClInclude>
    <ClInclude Include="src\vasframework\container\nbt\NBTCompoundTag.hpp">
      <Filter>Header Files</Filter>
    </ClInclude>
    <ClInclude Include="src\vasframework\container\BytesArray.hpp">
      <Filter>Header Files</Filter>
    </ClInclude>
    <ClInclude Include="src\vasframework\container\Property.hpp">
      <Filter>Header Files</Filter>
    </ClInclude>
    <ClInclude Include="src\vasframework\container\PropertyList.hpp">
      <Filter>Header Files</Filter>
    </ClInclude>
    <ClInclude Include="src\vasframework\graphics\layer\Layers.hpp">
      <Filter>Header Files</Filter>
    </ClInclude>
    <ClInclude Include="src\vasframework\graphics\sprites\Sprite.hpp">
      <Filter>Header Files</Filter>
    </ClInclude>
    <ClInclude Include="src\vasframework\graphics\sprites\SpriteSheet.hpp">
      <Filter>Header Files</Filter>
    </ClInclude>
    <ClInclude Include="src\vasframework\graphics\text\StyledText.hpp">
      <Filter>Header Files</Filter>
    </ClInclude>
    <ClInclude Include="src\vasframework\graphics\text\Text.hpp">
      <Filter>Header Files</Filter>
    </ClInclude>
    <ClInclude Include="src\vasframework\graphics\Camera.hpp">
      <Filter>Header Files</Filter>
    </ClInclude>
    <ClInclude Include="src\vasframework\graphics\GraphicsFlags.hpp">
      <Filter>Header Files</Filter>
    </ClInclude>
    <ClInclude Include="src\vasframework\manager\AudioManger.hpp">
      <Filter>Header Files</Filter>
    </ClInclude>
    <ClInclude Include="src\vasframework\manager\InputManager.hpp">
      <Filter>Header Files</Filter>
    </ClInclude>
    <ClInclude Include="src\vasframework\manager\SceneManager.hpp">
      <Filter>Header Files</Filter>
    </ClInclude>
    <ClInclude Include="src\vasframework\manager\ScreenManager.hpp">
      <Filter>Header Files</Filter>
    </ClInclude>
    <ClInclude Include="src\vasframework\manager\TextureManager.hpp">
      <Filter>Header Files</Filter>
    </ClInclude>
    <ClInclude Include="src\vasframework\math\base64\base64.hpp">
      <Filter>Header Files</Filter>
    </ClInclude>
    <ClInclude Include="src\vasframework\math\Angle.hpp">
      <Filter>Header Files</Filter>
    </ClInclude>
    <ClInclude Include="src\vasframework\math\Clock.hpp">
      <Filter>Header Files</Filter>
    </ClInclude>
    <ClInclude Include="src\vasframework\math\Counter.hpp">
      <Filter>Header Files</Filter>
    </ClInclude>
    <ClInclude Include="src\vasframework\math\Timer.hpp">
      <Filter>Header Files</Filter>
    </ClInclude>
    <ClInclude Include="src\vasframework\math\Vector2.hpp">
      <Filter>Header Files</Filter>
    </ClInclude>
    <ClInclude Include="src\vasframework\sdlcore\audio\Chunk.hpp">
      <Filter>Header Files</Filter>
    </ClInclude>
    <ClInclude Include="src\vasframework\sdlcore\audio\Fading.hpp">
      <Filter>Header Files</Filter>
    </ClInclude>
    <ClInclude Include="src\vasframework\sdlcore\audio\Flags.hpp">
      <Filter>Header Files</Filter>
    </ClInclude>
    <ClInclude Include="src\vasframework\sdlcore\audio\MixCore.hpp">
      <Filter>Header Files</Filter>
    </ClInclude>
    <ClInclude Include="src\vasframework\sdlcore\audio\Music.hpp">
      <Filter>Header Files</Filter>
    </ClInclude>
    <ClInclude Include="src\vasframework\sdlcore\keyboard\KeyboardCore.hpp">
      <Filter>Header Files</Filter>
    </ClInclude>
    <ClInclude Include="src\vasframework\sdlcore\keyboard\Keycode.hpp">
      <Filter>Header Files</Filter>
    </ClInclude>
    <ClInclude Include="src\vasframework\sdlcore\keyboard\Scancode.hpp">
      <Filter>Header Files</Filter>
    </ClInclude>
    <ClInclude Include="src\vasframework\sdlcore\math\Colour.hpp">
      <Filter>Header Files</Filter>
    </ClInclude>
    <ClInclude Include="src\vasframework\sdlcore\math\Point.hpp">
      <Filter>Header Files</Filter>
    </ClInclude>
    <ClInclude Include="src\vasframework\sdlcore\math\Rect.hpp">
      <Filter>Header Files</Filter>
    </ClInclude>
    <ClInclude Include="src\vasframework\sdlcore\ttf\Flags.hpp">
      <Filter>Header Files</Filter>
    </ClInclude>
    <ClInclude Include="src\vasframework\sdlcore\ttf\Font.hpp">
      <Filter>Header Files</Filter>
    </ClInclude>
    <ClInclude Include="src\vasframework\sdlcore\ttf\TTFCore.hpp">
      <Filter>Header Files</Filter>
    </ClInclude>
    <ClInclude Include="src\vasframework\sdlcore\video\BlendMode.hpp">
      <Filter>Header Files</Filter>
    </ClInclude>
    <ClInclude Include="src\vasframework\sdlcore\video\Renderer.hpp">
      <Filter>Header Files</Filter>
    </ClInclude>
    <ClInclude Include="src\vasframework\sdlcore\video\Surface.hpp">
      <Filter>Header Files</Filter>
    </ClInclude>
    <ClInclude Include="src\vasframework\sdlcore\video\Texture.hpp">
      <Filter>Header Files</Filter>
    </ClInclude>
    <ClInclude Include="src\vasframework\sdlcore\video\Window.hpp">
      <Filter>Header Files</Filter>
    </ClInclude>
    <ClInclude Include="src\vasframework\sdlcore\boolean_cast.hpp">
      <Filter>Header Files</Filter>
    </ClInclude>
    <ClInclude Include="src\vasframework\sdlcore\Events.hpp">
      <Filter>Header Files</Filter>
    </ClInclude>
    <ClInclude Include="src\vasframework\sdlcore\ImageInitFlags.hpp">
      <Filter>Header Files</Filter>
    </ClInclude>
    <ClInclude Include="src\vasframework\sdlcore\Keyboard.hpp">
      <Filter>Header Files</Filter>
    </ClInclude>
    <ClInclude Include="src\vasframework\sdlcore\Math.hpp">
      <Filter>Header Files</Filter>
    </ClInclude>
    <ClInclude Include="src\vasframework\sdlcore\RWops.hpp">
      <Filter>Header Files</Filter>
    </ClInclude>
    <ClInclude Include="src\vasframework\sdlcore\SDLComponentBase.hpp">
      <Filter>Header Files</Filter>
    </ClInclude>
    <ClInclude Include="src\vasframework\sdlcore\SDLCore.hpp">
      <Filter>Header Files</Filter>
    </ClInclude>
    <ClInclude Include="src\vasframework\sdlcore\SDLCoreException.hpp">
      <Filter>Header Files</Filter>
    </ClInclude>
    <ClInclude Include="src\vasframework\sdlcore\SDLInitFlags.hpp">
      <Filter>Header Files</Filter>
    </ClInclude>
    <ClInclude Include="src\vasframework\sdlcore\Video.hpp">
      <Filter>Header Files</Filter>
    </ClInclude>
    <ClInclude Include="src\vasframework\sreflex\Util.hpp">
      <Filter>Header Files</Filter>
    </ClInclude>
    <ClInclude Include="src\vasframework\tiledmap\container\objclass\AllShape.hpp">
      <Filter>Header Files</Filter>
    </ClInclude>
    <ClInclude Include="src\vasframework\tiledmap\container\objclass\Ellipse.hpp">
      <Filter>Header Files</Filter>
    </ClInclude>
    <ClInclude Include="src\vasframework\tiledmap\container\objclass\IShape.hpp">
      <Filter>Header Files</Filter>
    </ClInclude>
    <ClInclude Include="src\vasframework\tiledmap\container\objclass\Polyline.hpp">
      <Filter>Header Files</Filter>
    </ClInclude>
    <ClInclude Include="src\vasframework\tiledmap\container\objclass\Rectangle.hpp">
      <Filter>Header Files</Filter>
    </ClInclude>
    <ClInclude Include="src\vasframework\tiledmap\container\MapProperties.hpp">
      <Filter>Header Files</Filter>
    </ClInclude>
    <ClInclude Include="src\vasframework\tiledmap\container\ObjectData.hpp">
      <Filter>Header Files</Filter>
    </ClInclude>
    <ClInclude Include="src\vasframework\tiledmap\container\Tileset.hpp">
      <Filter>Header Files</Filter>
    </ClInclude>
    <ClInclude Include="src\vasframework\tiledmap\container\TilesetsBundle.hpp">
      <Filter>Header Files</Filter>
    </ClInclude>
    <ClInclude Include="src\vasframework\tiledmap\maplayers\AbstractMapLayer.hpp">
      <Filter>Header Files</Filter>
    </ClInclude>
    <ClInclude Include="src\vasframework\tiledmap\maplayers\ObjectLayer.hpp">
      <Filter>Header Files</Filter>
    </ClInclude>
    <ClInclude Include="src\vasframework\tiledmap\maplayers\TileLayer.hpp">
      <Filter>Header Files</Filter>
    </ClInclude>
    <ClInclude Include="src\vasframework\tiledmap\MapRenderer.hpp">
      <Filter>Header Files</Filter>
    </ClInclude>
    <ClInclude Include="src\vasframework\tiledmap\TMXParser.hpp">
      <Filter>Header Files</Filter>
    </ClInclude>
    <ClInclude Include="src\vasframework\util\CommonTools.hpp">
      <Filter>Header Files</Filter>
    </ClInclude>
    <ClInclude Include="src\vasframework\util\FileUtil.hpp">
      <Filter>Header Files</Filter>
    </ClInclude>
    <ClInclude Include="src\vasframework\util\TextTools.hpp">
      <Filter>Header Files</Filter>
    </ClInclude>
    <ClInclude Include="src\vasframework\VASConfig.hpp">
      <Filter>Header Files</Filter>
    </ClInclude>
    <ClInclude Include="src\vasframework\graphics\scene\Scene.hpp">
      <Filter>Header Files</Filter>
    </ClInclude>
    <ClInclude Include="src\vasframework\base\NotImplementedException.hpp">
      <Filter>Header Files</Filter>
    </ClInclude>
    <ClInclude Include="src\vasframework\graphics\DrawAble.hpp">
      <Filter>Header Files</Filter>
    </ClInclude>
    <ClInclude Include="src\vasframework\graphics\animation\AnimateAble.hpp">
      <Filter>Header Files</Filter>
    </ClInclude>
    <ClInclude Include="src\vasframework\graphics\animation\AnimationController.hpp">
      <Filter>Header Files</Filter>
    </ClInclude>
    <ClInclude Include="src\vasframework\graphics\animation\AnimationControllerEx.hpp">
      <Filter>Header Files</Filter>
    </ClInclude>
    <ClInclude Include="src\vasframework\graphics\animation\AnimationStrip.hpp">
      <Filter>Header Files</Filter>
    </ClInclude>
    <ClInclude Include="src\vasframework\graphics\animation\AttrKeyframeAnimation.hpp">
      <Filter>Header Files</Filter>
    </ClInclude>
    <ClInclude Include="src\vasframework\graphics\animation\AutoControllable.hpp">
      <Filter>Header Files</Filter>
    </ClInclude>
    <ClInclude Include="src\vasframework\graphics\animation\AnimationDelay.hpp">
      <Filter>Header Files</Filter>
    </ClInclude>
    <ClInclude Include="src\vasframework\graphics\animation\StripAnimation.hpp">
      <Filter>Header Files</Filter>
    </ClInclude>
    <ClInclude Include="src\vasframework\sreflex\ReflectAble.hpp">
      <Filter>Header Files</Filter>
    </ClInclude>
    <ClInclude Include="src\vasframework\sreflex\ReflectAbleAutoRegistrar.hpp">
      <Filter>Header Files</Filter>
    </ClInclude>
    <ClInclude Include="src\vasframework\sreflex\ReflectAbleEntries.hpp">
      <Filter>Header Files</Filter>
    </ClInclude>
    <ClInclude Include="src\vasframework\sreflex\ReflectAbleFactory.hpp">
      <Filter>Header Files</Filter>
    </ClInclude>
    <ClInclude Include="src\vasframework\graphics\scene\SceneCallFailed.hpp">
      <Filter>Header Files</Filter>
    </ClInclude>
    <ClInclude Include="src\vasframework\graphics\animation\AttrWrap.hpp">
      <Filter>Header Files</Filter>
    </ClInclude>
    <ClInclude Include="src\vasframework\graphics\animation\state\StateAnimator.hpp">
      <Filter>Header Files</Filter>
    </ClInclude>
    <ClInclude Include="src\vasframework\graphics\animation\state\State.hpp">
      <Filter>Header Files</Filter>
    </ClInclude>
    <ClInclude Include="src\vasframework\graphics\animation\state\StateConditionalTransition.hpp">
      <Filter>Header Files</Filter>
    </ClInclude>
    <ClInclude Include="src\vasframework\container\nbt\NBTSerializer.hpp">
      <Filter>Header Files</Filter>
    </ClInclude>
    <ClInclude Include="src\vasframework\container\nbt\JsonSerializer.hpp">
      <Filter>Header Files</Filter>
    </ClInclude>
    <ClInclude Include="src\vasframework\container\nbt\JsonDeserializer.hpp">
      <Filter>Header Files</Filter>
    </ClInclude>
    <ClInclude Include="src\vasframework\container\nbt\NBT.hpp">
      <Filter>Header Files</Filter>
    </ClInclude>
    <ClInclude Include="src\vasframework\util\ResourceLoader.hpp">
      <Filter>Header Files</Filter>
    </ClInclude>
    <ClInclude Include="src\vasframework\util\ResourceMetatype.hpp">
      <Filter>Header Files</Filter>
    </ClInclude>
    <ClInclude Include="src\vasframework\graphics\scene\SceneRefWrap.hpp">
      <Filter>Header Files</Filter>
    </ClInclude>
    <ClInclude Include="src\vasframework\manager\FontCacheManager.hpp">
      <Filter>Header Files</Filter>
    </ClInclude>
  </ItemGroup>
  <ItemGroup>
    <ClCompile Include="src\vasframework\base\Base.cpp">
      <Filter>Source Files</Filter>
    </ClCompile>
    <ClCompile Include="src\vasframework\container\nbt\NBTCompoundTag.cpp">
      <Filter>Source Files</Filter>
    </ClCompile>
    <ClCompile Include="src\vasframework\container\Property.cpp">
      <Filter>Source Files</Filter>
    </ClCompile>
    <ClCompile Include="src\vasframework\container\PropertyList.cpp">
      <Filter>Source Files</Filter>
    </ClCompile>
    <ClCompile Include="src\vasframework\graphics\layer\Layers.cpp">
      <Filter>Source Files</Filter>
    </ClCompile>
    <ClCompile Include="src\vasframework\graphics\sprites\Sprite.cpp">
      <Filter>Source Files</Filter>
    </ClCompile>
    <ClCompile Include="src\vasframework\graphics\sprites\SpriteSheet.cpp">
      <Filter>Source Files</Filter>
    </ClCompile>
    <ClCompile Include="src\vasframework\graphics\text\StyledText.cpp">
      <Filter>Source Files</Filter>
    </ClCompile>
    <ClCompile Include="src\vasframework\graphics\text\Text.cpp">
      <Filter>Source Files</Filter>
    </ClCompile>
    <ClCompile Include="src\vasframework\graphics\Camera.cpp">
      <Filter>Source Files</Filter>
    </ClCompile>
    <ClCompile Include="src\vasframework\manager\AudioManger.cpp">
      <Filter>Source Files</Filter>
    </ClCompile>
    <ClCompile Include="src\vasframework\manager\InputManager.cpp">
      <Filter>Source Files</Filter>
    </ClCompile>
    <ClCompile Include="src\vasframework\manager\SceneManager.cpp">
      <Filter>Source Files</Filter>
    </ClCompile>
    <ClCompile Include="src\vasframework\manager\ScreenManager.cpp">
      <Filter>Source Files</Filter>
    </ClCompile>
    <ClCompile Include="src\vasframework\manager\TextureManager.cpp">
      <Filter>Source Files</Filter>
    </ClCompile>
    <ClCompile Include="src\vasframework\math\base64\base64.cpp">
      <Filter>Source Files</Filter>
    </ClCompile>
    <ClCompile Include="src\vasframework\math\Angle.cpp">
      <Filter>Source Files</Filter>
    </ClCompile>
    <ClCompile Include="src\vasframework\math\Clock.cpp">
      <Filter>Source Files</Filter>
    </ClCompile>
    <ClCompile Include="src\vasframework\math\Counter.cpp">
      <Filter>Source Files</Filter>
    </ClCompile>
    <ClCompile Include="src\vasframework\math\Timer.cpp">
      <Filter>Source Files</Filter>
    </ClCompile>
    <ClCompile Include="src\vasframework\math\Vector2.cpp">
      <Filter>Source Files</Filter>
    </ClCompile>
    <ClCompile Include="src\vasframework\sdlcore\audio\Chunk.cpp">
      <Filter>Source Files</Filter>
    </ClCompile>
    <ClCompile Include="src\vasframework\sdlcore\audio\MixCore.cpp">
      <Filter>Source Files</Filter>
    </ClCompile>
    <ClCompile Include="src\vasframework\sdlcore\audio\Music.cpp">
      <Filter>Source Files</Filter>
    </ClCompile>
    <ClCompile Include="src\vasframework\sdlcore\keyboard\KeyboardCore.cpp">
      <Filter>Source Files</Filter>
    </ClCompile>
    <ClCompile Include="src\vasframework\sdlcore\keyboard\Keycode.cpp">
      <Filter>Source Files</Filter>
    </ClCompile>
    <ClCompile Include="src\vasframework\sdlcore\keyboard\Scancode.cpp">
      <Filter>Source Files</Filter>
    </ClCompile>
    <ClCompile Include="src\vasframework\sdlcore\math\Colour.cpp">
      <Filter>Source Files</Filter>
    </ClCompile>
    <ClCompile Include="src\vasframework\sdlcore\math\Point.cpp">
      <Filter>Source Files</Filter>
    </ClCompile>
    <ClCompile Include="src\vasframework\sdlcore\math\Rect.cpp">
      <Filter>Source Files</Filter>
    </ClCompile>
    <ClCompile Include="src\vasframework\sdlcore\ttf\Font.cpp">
      <Filter>Source Files</Filter>
    </ClCompile>
    <ClCompile Include="src\vasframework\sdlcore\ttf\TTFCore.cpp">
      <Filter>Source Files</Filter>
    </ClCompile>
    <ClCompile Include="src\vasframework\sdlcore\video\Renderer.cpp">
      <Filter>Source Files</Filter>
    </ClCompile>
    <ClCompile Include="src\vasframework\sdlcore\video\Surface.cpp">
      <Filter>Source Files</Filter>
    </ClCompile>
    <ClCompile Include="src\vasframework\sdlcore\video\Texture.cpp">
      <Filter>Source Files</Filter>
    </ClCompile>
    <ClCompile Include="src\vasframework\sdlcore\video\Window.cpp">
      <Filter>Source Files</Filter>
    </ClCompile>
    <ClCompile Include="src\vasframework\sdlcore\Events.cpp">
      <Filter>Source Files</Filter>
    </ClCompile>
    <ClCompile Include="src\vasframework\sdlcore\ImageInitFlags.cpp">
      <Filter>Source Files</Filter>
    </ClCompile>
    <ClCompile Include="src\vasframework\sdlcore\RWops.cpp">
      <Filter>Source Files</Filter>
    </ClCompile>
    <ClCompile Include="src\vasframework\sdlcore\SDLCore.cpp">
      <Filter>Source Files</Filter>
    </ClCompile>
    <ClCompile Include="src\vasframework\sdlcore\SDLCoreException.cpp">
      <Filter>Source Files</Filter>
    </ClCompile>
    <ClCompile Include="src\vasframework\sdlcore\SDLInitFlags.cpp">
      <Filter>Source Files</Filter>
    </ClCompile>
    <ClCompile Include="src\vasframework\sreflex\Util.cpp">
      <Filter>Source Files</Filter>
    </ClCompile>
    <ClCompile Include="src\vasframework\tiledmap\container\TilesetsBundle.cpp">
      <Filter>Source Files</Filter>
    </ClCompile>
    <ClCompile Include="src\vasframework\tiledmap\maplayers\AbstractMapLayer.cpp">
      <Filter>Source Files</Filter>
    </ClCompile>
    <ClCompile Include="src\vasframework\tiledmap\maplayers\ObjectLayer.cpp">
      <Filter>Source Files</Filter>
    </ClCompile>
    <ClCompile Include="src\vasframework\tiledmap\maplayers\TileLayer.cpp">
      <Filter>Source Files</Filter>
    </ClCompile>
    <ClCompile Include="src\vasframework\tiledmap\MapRenderer.cpp">
      <Filter>Source Files</Filter>
    </ClCompile>
    <ClCompile Include="src\vasframework\tiledmap\TMXParser.cpp">
      <Filter>Source Files</Filter>
    </ClCompile>
    <ClCompile Include="src\vasframework\util\CommonTools.cpp">
      <Filter>Source Files</Filter>
    </ClCompile>
    <ClCompile Include="src\vasframework\util\TextTools.cpp">
      <Filter>Source Files</Filter>
    </ClCompile>
    <ClCompile Include="src\vasframework\graphics\scene\Scene.cpp">
      <Filter>Source Files</Filter>
    </ClCompile>
    <ClCompile Include="src\vasframework\base\NotImplementedException.cpp">
      <Filter>Source Files</Filter>
    </ClCompile>
    <ClCompile Include="src\vasframework\graphics\animation\AnimationContorllerEx.cpp">
      <Filter>Source Files</Filter>
    </ClCompile>
    <ClCompile Include="src\vasframework\graphics\animation\AnimationController.cpp">
      <Filter>Source Files</Filter>
    </ClCompile>
    <ClCompile Include="src\vasframework\graphics\animation\AnimationDelay.cpp">
      <Filter>Source Files</Filter>
    </ClCompile>
    <ClCompile Include="src\vasframework\graphics\animation\AttrKeyframeAnimation.cpp">
      <Filter>Source Files</Filter>
    </ClCompile>
    <ClCompile Include="src\vasframework\graphics\animation\StripAnimation.cpp">
      <Filter>Source Files</Filter>
    </ClCompile>
    <ClCompile Include="src\vasframework\sreflex\ReflectAbleEntries.cpp">
      <Filter>Source Files</Filter>
    </ClCompile>
    <ClCompile Include="src\vasframework\sreflex\ReflectAbleFactory.cpp">
      <Filter>Source Files</Filter>
    </ClCompile>
    <ClCompile Include="src\vasframework\graphics\scene\SceneCallFailed.cpp">
      <Filter>Source Files</Filter>
    </ClCompile>
    <ClCompile Include="src\vasframework\graphics\animation\state\StateAnimator.cpp">
      <Filter>Source Files</Filter>
    </ClCompile>
    <ClCompile Include="src\vasframework\graphics\animation\state\StateConditionalTransition.cpp">
      <Filter>Source Files</Filter>
    </ClCompile>
    <ClCompile Include="src\vasframework\graphics\animation\AnimateAble.cpp">
      <Filter>Source Files</Filter>
    </ClCompile>
    <ClCompile Include="src\vasframework\container\nbt\JsonSerializer.cpp">
      <Filter>Source Files</Filter>
    </ClCompile>
    <ClCompile Include="src\vasframework\container\nbt\JsonDeserializer.cpp">
      <Filter>Source Files</Filter>
    </ClCompile>
    <ClCompile Include="src\vasframework\util\ResourceLoader.cpp">
      <Filter>Source Files</Filter>
    </ClCompile>
    <ClCompile Include="src\vasframework\util\ResourceMetatype.cpp">
      <Filter>Source Files</Filter>
    </ClCompile>
    <ClCompile Include="src\vasframework\graphics\scene\SceneRefWrap.cpp">
      <Filter>Source Files</Filter>
    </ClCompile>
    <ClCompile Include="src\vasframework\manager\FontCacheManager.cpp">
      <Filter>Source Files</Filter>
    </ClCompile>
  </ItemGroup>
</Project>