<?xml version="1.0" encoding="utf-8"?>
<Project ToolsVersion="4.0" xmlns="http://schemas.microsoft.com/developer/msbuild/2003">
  <ItemGroup>
    <Filter Include="Source Files">
      <UniqueIdentifier>{4FC737F1-C7A5-4376-A066-2A32D752A2FF}</UniqueIdentifier>
      <Extensions>cpp;c;cc;cxx;def;odl;idl;hpj;bat;asm;asmx</Extensions>
    </Filter>
    <Filter Include="Header Files">
      <UniqueIdentifier>{93995380-89BD-4b04-88EB-625FBE52EBFB}</UniqueIdentifier>
      <Extensions>h;hh;hpp;hxx;hm;inl;inc;xsd</Extensions>
    </Filter>
    <Filter Include="Resource Files">
      <UniqueIdentifier>{67DA6AB6-F800-4c08-8B7A-83BB121AAD01}</UniqueIdentifier>
      <Extensions>rc;ico;cur;bmp;dlg;rc2;rct;bin;rgs;gif;jpg;jpeg;jpe;resx;tiff;tif;png;wav;mfcribbon-ms</Extensions>
    </Filter>
  </ItemGroup>
  <ItemGroup>
    <ClInclude Include="src\libraries\vasframework\sdlcore\SDLCore.hpp">
      <Filter>Header Files</Filter>
    </ClInclude>
    <ClInclude Include="src\libraries\vasframework\VASConfig.hpp">
      <Filter>Header Files</Filter>
    </ClInclude>
    <ClInclude Include="src\libraries\vasframework\sdlcore\Video.hpp">
      <Filter>Header Files</Filter>
    </ClInclude>
    <ClInclude Include="src\libraries\vasframework\sdlcore\math\Point.hpp">
      <Filter>Header Files</Filter>
    </ClInclude>
    <ClInclude Include="src\libraries\vasframework\sdlcore\video\Window.hpp">
      <Filter>Header Files</Filter>
    </ClInclude>
    <ClInclude Include="src\libraries\vasframework\sdlcore\video\Surface.hpp">
      <Filter>Header Files</Filter>
    </ClInclude>
    <ClInclude Include="src\libraries\vasframework\sdlcore\Math.hpp">
      <Filter>Header Files</Filter>
    </ClInclude>
    <ClInclude Include="src\libraries\vasframework\sdlcore\boolean_cast.hpp">
      <Filter>Header Files</Filter>
    </ClInclude>
    <ClInclude Include="src\libraries\vasframework\sdlcore\math\Rect.hpp">
      <Filter>Header Files</Filter>
    </ClInclude>
    <ClInclude Include="src\libraries\vasframework\sdlcore\video\Texture.hpp">
      <Filter>Header Files</Filter>
    </ClInclude>
    <ClInclude Include="src\libraries\vasframework\sdlcore\video\Renderer.hpp">
      <Filter>Header Files</Filter>
    </ClInclude>
    <ClInclude Include="src\libraries\vasframework\sdlcore\video\BlendMode.hpp">
      <Filter>Header Files</Filter>
    </ClInclude>
    <ClInclude Include="src\libraries\vasframework\sdlcore\Events.hpp">
      <Filter>Header Files</Filter>
    </ClInclude>
    <ClInclude Include="src\libraries\vasframework\sdlcore\SDLComponentBase.hpp">
      <Filter>Header Files</Filter>
    </ClInclude>
    <ClInclude Include="src\libraries\vasframework\sdlcore\SDLInitFlags.hpp">
      <Filter>Header Files</Filter>
    </ClInclude>
    <ClInclude Include="src\libraries\vasframework\sdlcore\RWops.hpp">
      <Filter>Header Files</Filter>
    </ClInclude>
    <ClInclude Include="src\libraries\vasframework\sdlcore\ImageInitFlags.hpp">
      <Filter>Header Files</Filter>
    </ClInclude>
    <ClInclude Include="src\libraries\vasframework\sdlcore\audio\Music.hpp">
      <Filter>Header Files</Filter>
    </ClInclude>
    <ClInclude Include="src\libraries\vasframework\sdlcore\audio\Flags.hpp">
      <Filter>Header Files</Filter>
    </ClInclude>
    <ClInclude Include="src\libraries\vasframework\sdlcore\audio\MixCore.hpp">
      <Filter>Header Files</Filter>
    </ClInclude>
    <ClInclude Include="src\libraries\vasframework\sdlcore\SDLCoreException.hpp">
      <Filter>Header Files</Filter>
    </ClInclude>
    <ClInclude Include="src\libraries\vasframework\sdlcore\audio\Fading.hpp">
      <Filter>Header Files</Filter>
    </ClInclude>
    <ClInclude Include="src\libraries\vasframework\sdlcore\audio\Chunk.hpp">
      <Filter>Header Files</Filter>
    </ClInclude>
    <ClInclude Include="src\libraries\vasframework\sdlcore\keyboard\Keycode.hpp">
      <Filter>Header Files</Filter>
    </ClInclude>
    <ClInclude Include="src\libraries\vasframework\sdlcore\ttf\TTFCore.hpp">
      <Filter>Header Files</Filter>
    </ClInclude>
    <ClInclude Include="src\libraries\vasframework\sdlcore\ttf\Font.hpp">
      <Filter>Header Files</Filter>
    </ClInclude>
    <ClInclude Include="src\libraries\vasframework\sdlcore\ttf\Flags.hpp">
      <Filter>Header Files</Filter>
    </ClInclude>
    <ClInclude Include="src\libraries\vasframework\container\Switch.hpp">
      <Filter>Header Files</Filter>
    </ClInclude>
  </ItemGroup>
  <ItemGroup>
    <ClCompile Include="src\libraries\vasframework\sdlcore\SDLCore.cpp">
      <Filter>Source Files</Filter>
    </ClCompile>
    <ClCompile Include="src\test\Main.cpp">
      <Filter>Source Files</Filter>
    </ClCompile>
    <ClCompile Include="src\libraries\vasframework\sdlcore\Video.cpp">
      <Filter>Source Files</Filter>
    </ClCompile>
    <ClCompile Include="src\libraries\vasframework\sdlcore\math\Point.cpp">
      <Filter>Source Files</Filter>
    </ClCompile>
    <ClCompile Include="src\libraries\vasframework\sdlcore\video\Window.cpp">
      <Filter>Source Files</Filter>
    </ClCompile>
    <ClCompile Include="src\libraries\vasframework\sdlcore\video\Surface.cpp">
      <Filter>Source Files</Filter>
    </ClCompile>
    <ClCompile Include="src\libraries\vasframework\sdlcore\math\Rect.cpp">
      <Filter>Source Files</Filter>
    </ClCompile>
    <ClCompile Include="src\libraries\vasframework\sdlcore\video\Texture.cpp">
      <Filter>Source Files</Filter>
    </ClCompile>
    <ClCompile Include="src\libraries\vasframework\sdlcore\video\Renderer.cpp">
      <Filter>Source Files</Filter>
    </ClCompile>
    <ClCompile Include="src\libraries\vasframework\sdlcore\Events.cpp">
      <Filter>Source Files</Filter>
    </ClCompile>
    <ClCompile Include="src\libraries\vasframework\sdlcore\SDLInitFlags.cpp">
      <Filter>Source Files</Filter>
    </ClCompile>
    <ClCompile Include="src\libraries\vasframework\sdlcore\ImageInitFlags.cpp">
      <Filter>Source Files</Filter>
    </ClCompile>
    <ClCompile Include="src\libraries\vasframework\sdlcore\RWops.cpp">
      <Filter>Source Files</Filter>
    </ClCompile>
    <ClCompile Include="src\libraries\vasframework\sdlcore\audio\Music.cpp">
      <Filter>Source Files</Filter>
    </ClCompile>
    <ClCompile Include="src\libraries\vasframework\sdlcore\audio\MixCore.cpp">
      <Filter>Source Files</Filter>
    </ClCompile>
    <ClCompile Include="src\libraries\vasframework\sdlcore\SDLCoreException.cpp">
      <Filter>Source Files</Filter>
    </ClCompile>
    <ClCompile Include="src\libraries\vasframework\sdlcore\audio\Chunk.cpp">
      <Filter>Source Files</Filter>
    </ClCompile>
    <ClCompile Include="src\libraries\vasframework\sdlcore\keyboard\Keycode.cpp">
      <Filter>Source Files</Filter>
    </ClCompile>
    <ClCompile Include="src\libraries\vasframework\sdlcore\ttf\TTFCore.cpp">
      <Filter>Source Files</Filter>
    </ClCompile>
    <ClCompile Include="src\libraries\vasframework\sdlcore\ttf\Font.cpp">
      <Filter>Source Files</Filter>
    </ClCompile>
    <ClCompile Include="src\libraries\vasframework\container\Switch.cpp">
      <Filter>Source Files</Filter>
    </ClCompile>
  </ItemGroup>
</Project>