<?xml version="1.0" encoding="utf-8"?>
<Project ToolsVersion="4.0" xmlns="http://schemas.microsoft.com/developer/msbuild/2003">
  <ItemGroup>
    <Filter Include="Source Files">
      <UniqueIdentifier>{4FC737F1-C7A5-4376-A066-2A32D752A2FF}</UniqueIdentifier>
      <Extensions>cpp;c;cc;cxx;def;odl;idl;hpj;bat;asm;asmx</Extensions>
    </Filter>
    <Filter Include="Header Files">
      <UniqueIdentifier>{93995380-89BD-4b04-88EB-625FBE52EBFB}</UniqueIdentifier>
      <Extensions>h;hh;hpp;hxx;hm;inl;inc;xsd</Extensions>
    </Filter>
    <Filter Include="Resource Files">
      <UniqueIdentifier>{67DA6AB6-F800-4c08-8B7A-83BB121AAD01}</UniqueIdentifier>
      <Extensions>rc;ico;cur;bmp;dlg;rc2;rct;bin;rgs;gif;jpg;jpeg;jpe;resx;tiff;tif;png;wav;mfcribbon-ms</Extensions>
    </Filter>
  </ItemGroup>
  <ItemGroup>
    <ClCompile Include="src\libraries\base64\base64.cpp">
      <Filter>Source Files</Filter>
    </ClCompile>
    <ClCompile Include="src\libraries\pugixml\pugixml.cpp">
      <Filter>Source Files</Filter>
    </ClCompile>
    <ClCompile Include="src\libraries\tmxpraser\containeres\LayerData.cpp">
      <Filter>Source Files</Filter>
    </ClCompile>
    <ClCompile Include="src\libraries\tmxpraser\containeres\MapRenderer.cpp">
      <Filter>Source Files</Filter>
    </ClCompile>
    <ClCompile Include="src\libraries\tmxpraser\containeres\Objectgroup.cpp">
      <Filter>Source Files</Filter>
    </ClCompile>
    <ClCompile Include="src\libraries\tmxpraser\containeres\TileAnimation.cpp">
      <Filter>Source Files</Filter>
    </ClCompile>
    <ClCompile Include="src\libraries\VASFramework\base\Base.cpp">
      <Filter>Source Files</Filter>
    </ClCompile>
    <ClCompile Include="src\libraries\VASFramework\base\Camera.cpp">
      <Filter>Source Files</Filter>
    </ClCompile>
    <ClCompile Include="src\libraries\VASFramework\base\EventHandler.cpp">
      <Filter>Source Files</Filter>
    </ClCompile>
    <ClCompile Include="src\libraries\VASFramework\containers\Boolean.cpp">
      <Filter>Source Files</Filter>
    </ClCompile>
    <ClCompile Include="src\libraries\VASFramework\containers\Layer.cpp">
      <Filter>Source Files</Filter>
    </ClCompile>
    <ClCompile Include="src\libraries\VASFramework\graphics\move_able\MoveAble.cpp">
      <Filter>Source Files</Filter>
    </ClCompile>
    <ClCompile Include="src\libraries\VASFramework\graphics\render_item\RenderAbleBase.cpp">
      <Filter>Source Files</Filter>
    </ClCompile>
    <ClCompile Include="src\libraries\VASFramework\graphics\scene\SceneBase.cpp">
      <Filter>Source Files</Filter>
    </ClCompile>
    <ClCompile Include="src\libraries\VASFramework\graphics\sprites\sprite\Sprite.cpp">
      <Filter>Source Files</Filter>
    </ClCompile>
    <ClCompile Include="src\libraries\VASFramework\graphics\sprites\spritesheet\SpriteSheet.cpp">
      <Filter>Source Files</Filter>
    </ClCompile>
    <ClCompile Include="src\libraries\VASFramework\graphics\text\Text.cpp">
      <Filter>Source Files</Filter>
    </ClCompile>
    <ClCompile Include="src\libraries\VASFramework\manager\AudioManager.cpp">
      <Filter>Source Files</Filter>
    </ClCompile>
    <ClCompile Include="src\libraries\VASFramework\manager\FadingManager.cpp">
      <Filter>Source Files</Filter>
    </ClCompile>
    <ClCompile Include="src\libraries\VASFramework\manager\InputManager.cpp">
      <Filter>Source Files</Filter>
    </ClCompile>
    <ClCompile Include="src\libraries\VASFramework\manager\SceneManager.cpp">
      <Filter>Source Files</Filter>
    </ClCompile>
    <ClCompile Include="src\libraries\VASFramework\manager\TextureManager.cpp">
      <Filter>Source Files</Filter>
    </ClCompile>
    <ClCompile Include="src\libraries\VASFramework\math\Angle.cpp">
      <Filter>Source Files</Filter>
    </ClCompile>
    <ClCompile Include="src\libraries\VASFramework\math\Clock.cpp">
      <Filter>Source Files</Filter>
    </ClCompile>
    <ClCompile Include="src\libraries\VASFramework\math\Colour.cpp">
      <Filter>Source Files</Filter>
    </ClCompile>
    <ClCompile Include="src\libraries\VASFramework\math\Timer.cpp">
      <Filter>Source Files</Filter>
    </ClCompile>
    <ClCompile Include="src\libraries\VASFramework\math\Vector2.cpp">
      <Filter>Source Files</Filter>
    </ClCompile>
    <ClCompile Include="src\libraries\VASFramework\util\CommonTools.cpp">
      <Filter>Source Files</Filter>
    </ClCompile>
    <ClCompile Include="src\libraries\VASFramework\util\SDLFunctionBridge.cpp">
      <Filter>Source Files</Filter>
    </ClCompile>
    <ClCompile Include="src\libraries\VASFramework\util\TextTools.cpp">
      <Filter>Source Files</Filter>
    </ClCompile>
    <ClCompile Include="src\Main\Main.cpp">
      <Filter>Source Files</Filter>
    </ClCompile>
    <ClCompile Include="src\Main\test.cpp">
      <Filter>Source Files</Filter>
    </ClCompile>
    <ClCompile Include="src\scene\MainMenu.cpp">
      <Filter>Source Files</Filter>
    </ClCompile>
    <ClCompile Include="src\scene\TiledMapTest.cpp">
      <Filter>Source Files</Filter>
    </ClCompile>
    <ClCompile Include="src\libraries\VASFramework\containers\Properties.cpp">
      <Filter>Source Files</Filter>
    </ClCompile>
    <ClCompile Include="src\libraries\VASFramework\containers\Property.cpp">
      <Filter>Source Files</Filter>
    </ClCompile>
    <ClCompile Include="src\libraries\tmxpraser\TMXParser.cpp">
      <Filter>Source Files</Filter>
    </ClCompile>
    <ClCompile Include="src\libraries\sreflex\IObjectFactory.cpp">
      <Filter>Source Files</Filter>
    </ClCompile>
    <ClCompile Include="src\libraries\sreflex\IObjectEntry.cpp">
      <Filter>Source Files</Filter>
    </ClCompile>
  </ItemGroup>
  <ItemGroup>
    <ClInclude Include="src\libraries\base64\base64.hpp">
      <Filter>Header Files</Filter>
    </ClInclude>
    <ClInclude Include="src\libraries\pugixml\pugiconfig.hpp">
      <Filter>Header Files</Filter>
    </ClInclude>
    <ClInclude Include="src\libraries\pugixml\pugixml.hpp">
      <Filter>Header Files</Filter>
    </ClInclude>
    <ClInclude Include="src\libraries\tmxpraser\containeres\LayerData.hpp">
      <Filter>Header Files</Filter>
    </ClInclude>
    <ClInclude Include="src\libraries\tmxpraser\containeres\MapRenderer.hpp">
      <Filter>Header Files</Filter>
    </ClInclude>
    <ClInclude Include="src\libraries\tmxpraser\containeres\Object.hpp">
      <Filter>Header Files</Filter>
    </ClInclude>
    <ClInclude Include="src\libraries\tmxpraser\containeres\Objectgroup.hpp">
      <Filter>Header Files</Filter>
    </ClInclude>
    <ClInclude Include="src\libraries\tmxpraser\containeres\TileAnimation.hpp">
      <Filter>Header Files</Filter>
    </ClInclude>
    <ClInclude Include="src\libraries\tmxpraser\containeres\TilesetHolder.h">
      <Filter>Header Files</Filter>
    </ClInclude>
    <ClInclude Include="src\libraries\VASFramework\base\Base.hpp">
      <Filter>Header Files</Filter>
    </ClInclude>
    <ClInclude Include="src\libraries\VASFramework\base\BasicErrorHandler.hpp">
      <Filter>Header Files</Filter>
    </ClInclude>
    <ClInclude Include="src\libraries\VASFramework\base\Camera.hpp">
      <Filter>Header Files</Filter>
    </ClInclude>
    <ClInclude Include="src\libraries\VASFramework\base\EventHandler.hpp">
      <Filter>Header Files</Filter>
    </ClInclude>
    <ClInclude Include="src\libraries\VASFramework\containers\Boolean.hpp">
      <Filter>Header Files</Filter>
    </ClInclude>
    <ClInclude Include="src\libraries\VASFramework\containers\ByteArray.hpp">
      <Filter>Header Files</Filter>
    </ClInclude>
    <ClInclude Include="src\libraries\VASFramework\containers\Layer.hpp">
      <Filter>Header Files</Filter>
    </ClInclude>
    <ClInclude Include="src\libraries\VASFramework\graphics\irender_able\iRenderAble.hpp">
      <Filter>Header Files</Filter>
    </ClInclude>
    <ClInclude Include="src\libraries\VASFramework\graphics\move_able\MoveAble.hpp">
      <Filter>Header Files</Filter>
    </ClInclude>
    <ClInclude Include="src\libraries\VASFramework\graphics\render_item\RenderAbleBase.hpp">
      <Filter>Header Files</Filter>
    </ClInclude>
    <ClInclude Include="src\libraries\VASFramework\graphics\scene\SceneBase.hpp">
      <Filter>Header Files</Filter>
    </ClInclude>
    <ClInclude Include="src\libraries\VASFramework\graphics\sprites\sprite\Sprite.hpp">
      <Filter>Header Files</Filter>
    </ClInclude>
    <ClInclude Include="src\libraries\VASFramework\graphics\sprites\spritesheet\SpriteSheet.hpp">
      <Filter>Header Files</Filter>
    </ClInclude>
    <ClInclude Include="src\libraries\VASFramework\graphics\text\Text.hpp">
      <Filter>Header Files</Filter>
    </ClInclude>
    <ClInclude Include="src\libraries\VASFramework\manager\AudioManager.hpp">
      <Filter>Header Files</Filter>
    </ClInclude>
    <ClInclude Include="src\libraries\VASFramework\manager\FadingManager.hpp">
      <Filter>Header Files</Filter>
    </ClInclude>
    <ClInclude Include="src\libraries\VASFramework\manager\InputManager.hpp">
      <Filter>Header Files</Filter>
    </ClInclude>
    <ClInclude Include="src\libraries\VASFramework\manager\SceneManager.hpp">
      <Filter>Header Files</Filter>
    </ClInclude>
    <ClInclude Include="src\libraries\VASFramework\manager\TextureManager.hpp">
      <Filter>Header Files</Filter>
    </ClInclude>
    <ClInclude Include="src\libraries\VASFramework\math\Angle.hpp">
      <Filter>Header Files</Filter>
    </ClInclude>
    <ClInclude Include="src\libraries\VASFramework\math\Clock.hpp">
      <Filter>Header Files</Filter>
    </ClInclude>
    <ClInclude Include="src\libraries\VASFramework\math\Colour.hpp">
      <Filter>Header Files</Filter>
    </ClInclude>
    <ClInclude Include="src\libraries\VASFramework\math\Timer.hpp">
      <Filter>Header Files</Filter>
    </ClInclude>
    <ClInclude Include="src\libraries\VASFramework\math\Vector2.hpp">
      <Filter>Header Files</Filter>
    </ClInclude>
    <ClInclude Include="src\libraries\VASFramework\util\CommonTools.hpp">
      <Filter>Header Files</Filter>
    </ClInclude>
    <ClInclude Include="src\libraries\VASFramework\util\SDLFunctionBridge.hpp">
      <Filter>Header Files</Filter>
    </ClInclude>
    <ClInclude Include="src\libraries\VASFramework\util\TextTools.hpp">
      <Filter>Header Files</Filter>
    </ClInclude>
    <ClInclude Include="src\scene\MainMenu.hpp">
      <Filter>Header Files</Filter>
    </ClInclude>
    <ClInclude Include="src\scene\TiledMapTest.hpp">
      <Filter>Header Files</Filter>
    </ClInclude>
    <ClInclude Include="src\libraries\VASFramework\containers\Properties.hpp">
      <Filter>Header Files</Filter>
    </ClInclude>
    <ClInclude Include="src\libraries\VASFramework\containers\Property.hpp">
      <Filter>Header Files</Filter>
    </ClInclude>
    <ClInclude Include="src\libraries\tmxpraser\TMXParser.hpp">
      <Filter>Header Files</Filter>
    </ClInclude>
    <ClInclude Include="src\libraries\sreflex\IObject.hpp">
      <Filter>Header Files</Filter>
    </ClInclude>
    <ClInclude Include="src\libraries\sreflex\IObjectAutoRegister.hpp">
      <Filter>Header Files</Filter>
    </ClInclude>
    <ClInclude Include="src\libraries\sreflex\IObjectFactory.hpp">
      <Filter>Header Files</Filter>
    </ClInclude>
    <ClInclude Include="src\libraries\sreflex\IObjectEntry.hpp">
      <Filter>Header Files</Filter>
    </ClInclude>
    <ClInclude Include="src\libraries\sreflex\config.hpp">
      <Filter>Header Files</Filter>
    </ClInclude>
    <ClInclude Include="src\libraries\VASFramework\config.hpp">
      <Filter>Header Files</Filter>
    </ClInclude>
  </ItemGroup>
</Project>